# THIS IS AN AUTOGENERATED FILE. DO NOT EDIT THIS FILE DIRECTLY.
# yarn lockfile v1


"@fontsource/merriweather@^4.5.3":
  version "4.5.3"
  resolved "https://registry.yarnpkg.com/@fontsource/merriweather/-/merriweather-4.5.3.tgz#a3a5b23130828d5e1d968cb63125649e1ff7534a"
  integrity sha512-R56u/DD82mA/dGdDcGcWhG2eMdsOtgE1RUro3Tx5tRBqYOcDR62nOXkNGvatPv9ItV8wGmAQiarDf56NnfSm0A==
